
Microsoft Visual Studio Solution File, Format Version 12.00
# Visual Studio Version 17
VisualStudioVersion = 17.3.32922.545
MinimumVisualStudioVersion = 10.0.40219.1
Project("{FAE04EC0-301F-11D3-BF4B-00C04F79EFBC}") = "testesCartagena", "testesCartagena\testesCartagena.csproj", "{857E515E-B8EF-4258-AAA5-39F6BF8F4C59}"
EndProject
Global
	GlobalSection(SolutionConfigurationPlatforms) = preSolution
		Debug|Any CPU = Debug|Any CPU
		Release|Any CPU = Release|Any CPU
	EndGlobalSection
	GlobalSection(ProjectConfigurationPlatforms) = postSolution
		{857E515E-B8EF-4258-AAA5-39F6BF8F4C59}.Debug|Any CPU.ActiveCfg = Debug|Any CPU
		{857E515E-B8EF-4258-AAA5-39F6BF8F4C59}.Debug|Any CPU.Build.0 = Debug|Any CPU
		{857E515E-B8EF-4258-AAA5-39F6BF8F4C59}.Release|Any CPU.ActiveCfg = Release|Any CPU
		{857E515E-B8EF-4258-AAA5-39F6BF8F4C59}.Release|Any CPU.Build.0 = Release|Any CPU
	EndGlobalSection
	GlobalSection(SolutionProperties) = preSolution
		HideSolutionNode = FALSE
	EndGlobalSection
	GlobalSection(ExtensibilityGlobals) = postSolution
		SolutionGuid = {4780DF25-11CE-40EF-B4E8-6F26690330B7}
	EndGlobalSection
EndGlobal
